
Microsoft Visual Studio Solution File, Format Version 12.00
# Visual Studio 15
VisualStudioVersion = 15.0.28307.271
MinimumVisualStudioVersion = 10.0.40219.1
Project("{FAE04EC0-301F-11D3-BF4B-00C04F79EFBC}") = "practise", "practise\practise.csproj", "{78A9FEE5-697F-4BB6-AD0D-E86789B552E2}"
EndProject
Global
	GlobalSection(SolutionConfigurationPlatforms) = preSolution
		Debug|Any CPU = Debug|Any CPU
		Release|Any CPU = Release|Any CPU
	EndGlobalSection
	GlobalSection(ProjectConfigurationPlatforms) = postSolution
		{78A9FEE5-697F-4BB6-AD0D-E86789B552E2}.Debug|Any CPU.ActiveCfg = Debug|Any CPU
		{78A9FEE5-697F-4BB6-AD0D-E86789B552E2}.Debug|Any CPU.Build.0 = Debug|Any CPU
		{78A9FEE5-697F-4BB6-AD0D-E86789B552E2}.Release|Any CPU.ActiveCfg = Release|Any CPU
		{78A9FEE5-697F-4BB6-AD0D-E86789B552E2}.Release|Any CPU.Build.0 = Release|Any CPU
	EndGlobalSection
	GlobalSection(SolutionProperties) = preSolution
		HideSolutionNode = FALSE
	EndGlobalSection
	GlobalSection(ExtensibilityGlobals) = postSolution
		SolutionGuid = {604B8F04-90B8-41AD-B9D8-2DE86CA6CC73}
	EndGlobalSection
EndGlobal
